
Microsoft Visual Studio Solution File, Format Version 12.00
# Visual Studio Version 17
VisualStudioVersion = 17.2.32526.322
MinimumVisualStudioVersion = 10.0.40219.1
Project("{FAE04EC0-301F-11D3-BF4B-00C04F79EFBC}") = "AccountMetFoto", "AccountMetFoto\AccountMetFoto.csproj", "{DB5D17E8-DEEB-4B5A-988E-F07BE10BE06A}"
EndProject
Global
	GlobalSection(SolutionConfigurationPlatforms) = preSolution
		Debug|Any CPU = Debug|Any CPU
		Release|Any CPU = Release|Any CPU
	EndGlobalSection
	GlobalSection(ProjectConfigurationPlatforms) = postSolution
		{DB5D17E8-DEEB-4B5A-988E-F07BE10BE06A}.Debug|Any CPU.ActiveCfg = Debug|Any CPU
		{DB5D17E8-DEEB-4B5A-988E-F07BE10BE06A}.Debug|Any CPU.Build.0 = Debug|Any CPU
		{DB5D17E8-DEEB-4B5A-988E-F07BE10BE06A}.Release|Any CPU.ActiveCfg = Release|Any CPU
		{DB5D17E8-DEEB-4B5A-988E-F07BE10BE06A}.Release|Any CPU.Build.0 = Release|Any CPU
	EndGlobalSection
	GlobalSection(SolutionProperties) = preSolution
		HideSolutionNode = FALSE
	EndGlobalSection
	GlobalSection(ExtensibilityGlobals) = postSolution
		SolutionGuid = {44E6ACE0-EA0B-4400-BE49-E663927591FC}
	EndGlobalSection
EndGlobal
